// !$*UTF8*$!
{
	archiveVersion = 1;
	classes = {
	};
	objectVersion = 52;
	objects = {

/* Begin PBXBuildFile section */
		2C21EC7525D290590023F1AC /* FooterView.swift in Sources */ = {isa = PBXBuildFile; fileRef = 2C21EC7425D290590023F1AC /* FooterView.swift */; };
		2C66252E25CDA9EC001CB899 /* AppDelegate.swift in Sources */ = {isa = PBXBuildFile; fileRef = 2C66252D25CDA9EC001CB899 /* AppDelegate.swift */; };
		2C66253025CDA9EC001CB899 /* SceneDelegate.swift in Sources */ = {isa = PBXBuildFile; fileRef = 2C66252F25CDA9EC001CB899 /* SceneDelegate.swift */; };
		2C66253725CDA9ED001CB899 /* Assets.xcassets in Resources */ = {isa = PBXBuildFile; fileRef = 2C66253625CDA9ED001CB899 /* Assets.xcassets */; };
		2C66253A25CDA9ED001CB899 /* LaunchScreen.storyboard in Resources */ = {isa = PBXBuildFile; fileRef = 2C66253825CDA9ED001CB899 /* LaunchScreen.storyboard */; };
		2C75640925D548ED005E6064 /* TrackDetailView.swift in Sources */ = {isa = PBXBuildFile; fileRef = 2C75640825D548ED005E6064 /* TrackDetailView.swift */; };
		2C75640D25D548FD005E6064 /* TrackDetailView.xib in Resources */ = {isa = PBXBuildFile; fileRef = 2C75640C25D548FD005E6064 /* TrackDetailView.xib */; };
		2C8B067325CDAD490054B83F /* MainTabBarController.swift in Sources */ = {isa = PBXBuildFile; fileRef = 2C8B067225CDAD490054B83F /* MainTabBarController.swift */; };
		2C91429125D05256008829B0 /* Alamofire in Frameworks */ = {isa = PBXBuildFile; productRef = 2C91429025D05256008829B0 /* Alamofire */; };
		2C91429425D05854008829B0 /* SearchResponse.swift in Sources */ = {isa = PBXBuildFile; fileRef = 2C91429325D05854008829B0 /* SearchResponse.swift */; };
		2C9142AE25D13AF1008829B0 /* SearchPresenter.swift in Sources */ = {isa = PBXBuildFile; fileRef = 2C9142A725D13AF1008829B0 /* SearchPresenter.swift */; };
		2C9142AF25D13AF1008829B0 /* SearchWorker.swift in Sources */ = {isa = PBXBuildFile; fileRef = 2C9142A825D13AF1008829B0 /* SearchWorker.swift */; };
		2C9142B025D13AF1008829B0 /* SearchRouter.swift in Sources */ = {isa = PBXBuildFile; fileRef = 2C9142A925D13AF1008829B0 /* SearchRouter.swift */; };
		2C9142B125D13AF1008829B0 /* SearchModels.swift in Sources */ = {isa = PBXBuildFile; fileRef = 2C9142AA25D13AF1008829B0 /* SearchModels.swift */; };
		2C9142B225D13AF1008829B0 /* SearchViewController.swift in Sources */ = {isa = PBXBuildFile; fileRef = 2C9142AB25D13AF1008829B0 /* SearchViewController.swift */; };
		2C9142B325D13AF1008829B0 /* SearchInteractor.swift in Sources */ = {isa = PBXBuildFile; fileRef = 2C9142AC25D13AF1008829B0 /* SearchInteractor.swift */; };
		2C9142B825D13CAE008829B0 /* SearchViewController.storyboard in Resources */ = {isa = PBXBuildFile; fileRef = 2C9142B725D13CAE008829B0 /* SearchViewController.storyboard */; };
		2C9142BD25D13F7C008829B0 /* UIViewController + Extension.swift in Sources */ = {isa = PBXBuildFile; fileRef = 2C9142BC25D13F7C008829B0 /* UIViewController + Extension.swift */; };
		2C9142C325D14363008829B0 /* NetworkService.swift in Sources */ = {isa = PBXBuildFile; fileRef = 2C9142C225D14363008829B0 /* NetworkService.swift */; };
		2C9142C825D17003008829B0 /* TrackCell.swift in Sources */ = {isa = PBXBuildFile; fileRef = 2C9142C625D17003008829B0 /* TrackCell.swift */; };
		2C9142C925D17003008829B0 /* TrackCell.xib in Resources */ = {isa = PBXBuildFile; fileRef = 2C9142C725D17003008829B0 /* TrackCell.xib */; };
		2C9142CF25D17EB1008829B0 /* Kingfisher in Frameworks */ = {isa = PBXBuildFile; productRef = 2C9142CE25D17EB1008829B0 /* Kingfisher */; };
		2CA70FEE25D81A5900C2CEBC /* Library.swift in Sources */ = {isa = PBXBuildFile; fileRef = 2CA70FED25D81A5900C2CEBC /* Library.swift */; };
		2CA7100E25D8251B00C2CEBC /* LibraryCell.swift in Sources */ = {isa = PBXBuildFile; fileRef = 2CA7100D25D8251B00C2CEBC /* LibraryCell.swift */; };
		2CEC017425D5718800B82550 /* SMTime + Extension.swift in Sources */ = {isa = PBXBuildFile; fileRef = 2CEC017325D5718800B82550 /* SMTime + Extension.swift */; };
/* End PBXBuildFile section */

/* Begin PBXFileReference section */
		2C21EC7425D290590023F1AC /* FooterView.swift */ = {isa = PBXFileReference; lastKnownFileType = sourcecode.swift; path = FooterView.swift; sourceTree = "<group>"; };
		2C66252A25CDA9EC001CB899 /* BanGipsMusic.app */ = {isa = PBXFileReference; explicitFileType = wrapper.application; includeInIndex = 0; path = BanGipsMusic.app; sourceTree = BUILT_PRODUCTS_DIR; };
		2C66252D25CDA9EC001CB899 /* AppDelegate.swift */ = {isa = PBXFileReference; lastKnownFileType = sourcecode.swift; path = AppDelegate.swift; sourceTree = "<group>"; };
		2C66252F25CDA9EC001CB899 /* SceneDelegate.swift */ = {isa = PBXFileReference; lastKnownFileType = sourcecode.swift; path = SceneDelegate.swift; sourceTree = "<group>"; };
		2C66253625CDA9ED001CB899 /* Assets.xcassets */ = {isa = PBXFileReference; lastKnownFileType = folder.assetcatalog; path = Assets.xcassets; sourceTree = "<group>"; };
		2C66253925CDA9ED001CB899 /* Base */ = {isa = PBXFileReference; lastKnownFileType = file.storyboard; name = Base; path = Base.lproj/LaunchScreen.storyboard; sourceTree = "<group>"; };
		2C66253B25CDA9ED001CB899 /* Info.plist */ = {isa = PBXFileReference; lastKnownFileType = text.plist.xml; path = Info.plist; sourceTree = "<group>"; };
		2C75640825D548ED005E6064 /* TrackDetailView.swift */ = {isa = PBXFileReference; lastKnownFileType = sourcecode.swift; path = TrackDetailView.swift; sourceTree = "<group>"; };
		2C75640C25D548FD005E6064 /* TrackDetailView.xib */ = {isa = PBXFileReference; lastKnownFileType = file.xib; path = TrackDetailView.xib; sourceTree = "<group>"; };
		2C8B067225CDAD490054B83F /* MainTabBarController.swift */ = {isa = PBXFileReference; lastKnownFileType = sourcecode.swift; path = MainTabBarController.swift; sourceTree = "<group>"; };
		2C91429325D05854008829B0 /* SearchResponse.swift */ = {isa = PBXFileReference; lastKnownFileType = sourcecode.swift; path = SearchResponse.swift; sourceTree = "<group>"; };
		2C9142A725D13AF1008829B0 /* SearchPresenter.swift */ = {isa = PBXFileReference; lastKnownFileType = sourcecode.swift; path = SearchPresenter.swift; sourceTree = "<group>"; };
		2C9142A825D13AF1008829B0 /* SearchWorker.swift */ = {isa = PBXFileReference; lastKnownFileType = sourcecode.swift; path = SearchWorker.swift; sourceTree = "<group>"; };
		2C9142A925D13AF1008829B0 /* SearchRouter.swift */ = {isa = PBXFileReference; lastKnownFileType = sourcecode.swift; path = SearchRouter.swift; sourceTree = "<group>"; };
		2C9142AA25D13AF1008829B0 /* SearchModels.swift */ = {isa = PBXFileReference; lastKnownFileType = sourcecode.swift; path = SearchModels.swift; sourceTree = "<group>"; };
		2C9142AB25D13AF1008829B0 /* SearchViewController.swift */ = {isa = PBXFileReference; lastKnownFileType = sourcecode.swift; path = SearchViewController.swift; sourceTree = "<group>"; };
		2C9142AC25D13AF1008829B0 /* SearchInteractor.swift */ = {isa = PBXFileReference; lastKnownFileType = sourcecode.swift; path = SearchInteractor.swift; sourceTree = "<group>"; };
		2C9142B725D13CAE008829B0 /* SearchViewController.storyboard */ = {isa = PBXFileReference; lastKnownFileType = file.storyboard; path = SearchViewController.storyboard; sourceTree = "<group>"; };
		2C9142BC25D13F7C008829B0 /* UIViewController + Extension.swift */ = {isa = PBXFileReference; lastKnownFileType = sourcecode.swift; path = "UIViewController + Extension.swift"; sourceTree = "<group>"; };
		2C9142C225D14363008829B0 /* NetworkService.swift */ = {isa = PBXFileReference; fileEncoding = 4; lastKnownFileType = sourcecode.swift; path = NetworkService.swift; sourceTree = "<group>"; };
		2C9142C625D17003008829B0 /* TrackCell.swift */ = {isa = PBXFileReference; lastKnownFileType = sourcecode.swift; path = TrackCell.swift; sourceTree = "<group>"; };
		2C9142C725D17003008829B0 /* TrackCell.xib */ = {isa = PBXFileReference; lastKnownFileType = file.xib; path = TrackCell.xib; sourceTree = "<group>"; };
		2CA70FED25D81A5900C2CEBC /* Library.swift */ = {isa = PBXFileReference; lastKnownFileType = sourcecode.swift; path = Library.swift; sourceTree = "<group>"; };
		2CA7100D25D8251B00C2CEBC /* LibraryCell.swift */ = {isa = PBXFileReference; lastKnownFileType = sourcecode.swift; path = LibraryCell.swift; sourceTree = "<group>"; };
		2CEC017325D5718800B82550 /* SMTime + Extension.swift */ = {isa = PBXFileReference; lastKnownFileType = sourcecode.swift; path = "SMTime + Extension.swift"; sourceTree = "<group>"; };
/* End PBXFileReference section */

/* Begin PBXFrameworksBuildPhase section */
		2C66252725CDA9EC001CB899 /* Frameworks */ = {
			isa = PBXFrameworksBuildPhase;
			buildActionMask = 2147483647;
			files = (
				2C9142CF25D17EB1008829B0 /* Kingfisher in Frameworks */,
				2C91429125D05256008829B0 /* Alamofire in Frameworks */,
			);
			runOnlyForDeploymentPostprocessing = 0;
		};
/* End PBXFrameworksBuildPhase section */

/* Begin PBXGroup section */
		2C21EC7325D2903A0023F1AC /* FooterView */ = {
			isa = PBXGroup;
			children = (
				2C21EC7425D290590023F1AC /* FooterView.swift */,
			);
			path = FooterView;
			sourceTree = "<group>";
		};
		2C66252125CDA9EC001CB899 = {
			isa = PBXGroup;
			children = (
				2C66252C25CDA9EC001CB899 /* BanGipsMusic */,
				2C66252B25CDA9EC001CB899 /* Products */,
			);
			sourceTree = "<group>";
		};
		2C66252B25CDA9EC001CB899 /* Products */ = {
			isa = PBXGroup;
			children = (
				2C66252A25CDA9EC001CB899 /* BanGipsMusic.app */,
			);
			name = Products;
			sourceTree = "<group>";
		};
		2C66252C25CDA9EC001CB899 /* BanGipsMusic */ = {
			isa = PBXGroup;
			children = (
				2C9142C125D14352008829B0 /* Services */,
				2C66252D25CDA9EC001CB899 /* AppDelegate.swift */,
				2C66252F25CDA9EC001CB899 /* SceneDelegate.swift */,
				2C91429625D139EA008829B0 /* Search */,
				2C8B067225CDAD490054B83F /* MainTabBarController.swift */,
				2CA70FED25D81A5900C2CEBC /* Library.swift */,
				2C9142BB25D13F5F008829B0 /* Helpers */,
				2C66253625CDA9ED001CB899 /* Assets.xcassets */,
				2C66253825CDA9ED001CB899 /* LaunchScreen.storyboard */,
				2C66253B25CDA9ED001CB899 /* Info.plist */,
			);
			path = BanGipsMusic;
			sourceTree = "<group>";
		};
		2C75640725D548C4005E6064 /* TrackDetailView */ = {
			isa = PBXGroup;
			children = (
				2C75640825D548ED005E6064 /* TrackDetailView.swift */,
				2C75640C25D548FD005E6064 /* TrackDetailView.xib */,
			);
			path = TrackDetailView;
			sourceTree = "<group>";
		};
		2C91429625D139EA008829B0 /* Search */ = {
			isa = PBXGroup;
			children = (
				2C75640725D548C4005E6064 /* TrackDetailView */,
				2C21EC7325D2903A0023F1AC /* FooterView */,
				2C9142C525D16FCC008829B0 /* Cell */,
				2C9142B725D13CAE008829B0 /* SearchViewController.storyboard */,
				2C9142AB25D13AF1008829B0 /* SearchViewController.swift */,
				2C9142AC25D13AF1008829B0 /* SearchInteractor.swift */,
				2C9142A725D13AF1008829B0 /* SearchPresenter.swift */,
				2C9142AA25D13AF1008829B0 /* SearchModels.swift */,
				2C9142A825D13AF1008829B0 /* SearchWorker.swift */,
				2C9142A925D13AF1008829B0 /* SearchRouter.swift */,
			);
			path = Search;
			sourceTree = "<group>";
		};
		2C9142BB25D13F5F008829B0 /* Helpers */ = {
			isa = PBXGroup;
			children = (
				2C9142BC25D13F7C008829B0 /* UIViewController + Extension.swift */,
				2CEC017325D5718800B82550 /* SMTime + Extension.swift */,
			);
			path = Helpers;
			sourceTree = "<group>";
		};
		2C9142C125D14352008829B0 /* Services */ = {
			isa = PBXGroup;
			children = (
				2C9142CB25D17575008829B0 /* Models */,
				2C9142C225D14363008829B0 /* NetworkService.swift */,
			);
			path = Services;
			sourceTree = "<group>";
		};
		2C9142C525D16FCC008829B0 /* Cell */ = {
			isa = PBXGroup;
			children = (
				2C9142C625D17003008829B0 /* TrackCell.swift */,
				2C9142C725D17003008829B0 /* TrackCell.xib */,
				2CA7100D25D8251B00C2CEBC /* LibraryCell.swift */,
			);
			path = Cell;
			sourceTree = "<group>";
		};
		2C9142CB25D17575008829B0 /* Models */ = {
			isa = PBXGroup;
			children = (
				2C91429325D05854008829B0 /* SearchResponse.swift */,
			);
			path = Models;
			sourceTree = "<group>";
		};
/* End PBXGroup section */

/* Begin PBXNativeTarget section */
		2C66252925CDA9EC001CB899 /* BanGipsMusic */ = {
			isa = PBXNativeTarget;
			buildConfigurationList = 2C66253E25CDA9ED001CB899 /* Build configuration list for PBXNativeTarget "BanGipsMusic" */;
			buildPhases = (
				2C66252625CDA9EC001CB899 /* Sources */,
				2C66252725CDA9EC001CB899 /* Frameworks */,
				2C66252825CDA9EC001CB899 /* Resources */,
			);
			buildRules = (
			);
			dependencies = (
			);
			name = BanGipsMusic;
			packageProductDependencies = (
				2C91429025D05256008829B0 /* Alamofire */,
				2C9142CE25D17EB1008829B0 /* Kingfisher */,
			);
			productName = BanGipsMusic;
			productReference = 2C66252A25CDA9EC001CB899 /* BanGipsMusic.app */;
			productType = "com.apple.product-type.application";
		};
/* End PBXNativeTarget section */

/* Begin PBXProject section */
		2C66252225CDA9EC001CB899 /* Project object */ = {
			isa = PBXProject;
			attributes = {
				LastSwiftUpdateCheck = 1220;
				LastUpgradeCheck = 1220;
				TargetAttributes = {
					2C66252925CDA9EC001CB899 = {
						CreatedOnToolsVersion = 12.2;
					};
				};
			};
			buildConfigurationList = 2C66252525CDA9EC001CB899 /* Build configuration list for PBXProject "BanGipsMusic" */;
			compatibilityVersion = "Xcode 9.3";
			developmentRegion = en;
			hasScannedForEncodings = 0;
			knownRegions = (
				en,
				Base,
			);
			mainGroup = 2C66252125CDA9EC001CB899;
			packageReferences = (
				2C91428F25D05256008829B0 /* XCRemoteSwiftPackageReference "Alamofire" */,
				2C9142CD25D17EB1008829B0 /* XCRemoteSwiftPackageReference "Kingfisher" */,
			);
			productRefGroup = 2C66252B25CDA9EC001CB899 /* Products */;
			projectDirPath = "";
			projectRoot = "";
			targets = (
				2C66252925CDA9EC001CB899 /* BanGipsMusic */,
			);
		};
/* End PBXProject section */

/* Begin PBXResourcesBuildPhase section */
		2C66252825CDA9EC001CB899 /* Resources */ = {
			isa = PBXResourcesBuildPhase;
			buildActionMask = 2147483647;
			files = (
				2C66253A25CDA9ED001CB899 /* LaunchScreen.storyboard in Resources */,
				2C66253725CDA9ED001CB899 /* Assets.xcassets in Resources */,
				2C9142B825D13CAE008829B0 /* SearchViewController.storyboard in Resources */,
				2C9142C925D17003008829B0 /* TrackCell.xib in Resources */,
				2C75640D25D548FD005E6064 /* TrackDetailView.xib in Resources */,
			);
			runOnlyForDeploymentPostprocessing = 0;
		};
/* End PBXResourcesBuildPhase section */

/* Begin PBXSourcesBuildPhase section */
		2C66252625CDA9EC001CB899 /* Sources */ = {
			isa = PBXSourcesBuildPhase;
			buildActionMask = 2147483647;
			files = (
				2C9142B225D13AF1008829B0 /* SearchViewController.swift in Sources */,
				2C91429425D05854008829B0 /* SearchResponse.swift in Sources */,
				2C9142B025D13AF1008829B0 /* SearchRouter.swift in Sources */,
				2C21EC7525D290590023F1AC /* FooterView.swift in Sources */,
				2C9142C825D17003008829B0 /* TrackCell.swift in Sources */,
				2C66252E25CDA9EC001CB899 /* AppDelegate.swift in Sources */,
				2C9142C325D14363008829B0 /* NetworkService.swift in Sources */,
				2C9142B325D13AF1008829B0 /* SearchInteractor.swift in Sources */,
				2C8B067325CDAD490054B83F /* MainTabBarController.swift in Sources */,
				2CA7100E25D8251B00C2CEBC /* LibraryCell.swift in Sources */,
				2C9142AF25D13AF1008829B0 /* SearchWorker.swift in Sources */,
				2C66253025CDA9EC001CB899 /* SceneDelegate.swift in Sources */,
				2C9142AE25D13AF1008829B0 /* SearchPresenter.swift in Sources */,
				2CEC017425D5718800B82550 /* SMTime + Extension.swift in Sources */,
				2C9142BD25D13F7C008829B0 /* UIViewController + Extension.swift in Sources */,
				2C75640925D548ED005E6064 /* TrackDetailView.swift in Sources */,
				2C9142B125D13AF1008829B0 /* SearchModels.swift in Sources */,
				2CA70FEE25D81A5900C2CEBC /* Library.swift in Sources */,
			);
			runOnlyForDeploymentPostprocessing = 0;
		};
/* End PBXSourcesBuildPhase section */

/* Begin PBXVariantGroup section */
		2C66253825CDA9ED001CB899 /* LaunchScreen.storyboard */ = {
			isa = PBXVariantGroup;
			children = (
				2C66253925CDA9ED001CB899 /* Base */,
			);
			name = LaunchScreen.storyboard;
			sourceTree = "<group>";
		};
/* End PBXVariantGroup section */

/* Begin XCBuildConfiguration section */
		2C66253C25CDA9ED001CB899 /* Debug */ = {
			isa = XCBuildConfiguration;
			buildSettings = {
				ALWAYS_SEARCH_USER_PATHS = NO;
				CLANG_ANALYZER_NONNULL = YES;
				CLANG_ANALYZER_NUMBER_OBJECT_CONVERSION = YES_AGGRESSIVE;
				CLANG_CXX_LANGUAGE_STANDARD = "gnu++14";
				CLANG_CXX_LIBRARY = "libc++";
				CLANG_ENABLE_MODULES = YES;
				CLANG_ENABLE_OBJC_ARC = YES;
				CLANG_ENABLE_OBJC_WEAK = YES;
				CLANG_WARN_BLOCK_CAPTURE_AUTORELEASING = YES;
				CLANG_WARN_BOOL_CONVERSION = YES;
				CLANG_WARN_COMMA = YES;
				CLANG_WARN_CONSTANT_CONVERSION = YES;
				CLANG_WARN_DEPRECATED_OBJC_IMPLEMENTATIONS = YES;
				CLANG_WARN_DIRECT_OBJC_ISA_USAGE = YES_ERROR;
				CLANG_WARN_DOCUMENTATION_COMMENTS = YES;
				CLANG_WARN_EMPTY_BODY = YES;
				CLANG_WARN_ENUM_CONVERSION = YES;
				CLANG_WARN_INFINITE_RECURSION = YES;
				CLANG_WARN_INT_CONVERSION = YES;
				CLANG_WARN_NON_LITERAL_NULL_CONVERSION = YES;
				CLANG_WARN_OBJC_IMPLICIT_RETAIN_SELF = YES;
				CLANG_WARN_OBJC_LITERAL_CONVERSION = YES;
				CLANG_WARN_OBJC_ROOT_CLASS = YES_ERROR;
				CLANG_WARN_QUOTED_INCLUDE_IN_FRAMEWORK_HEADER = YES;
				CLANG_WARN_RANGE_LOOP_ANALYSIS = YES;
				CLANG_WARN_STRICT_PROTOTYPES = YES;
				CLANG_WARN_SUSPICIOUS_MOVE = YES;
				CLANG_WARN_UNGUARDED_AVAILABILITY = YES_AGGRESSIVE;
				CLANG_WARN_UNREACHABLE_CODE = YES;
				CLANG_WARN__DUPLICATE_METHOD_MATCH = YES;
				COPY_PHASE_STRIP = NO;
				DEBUG_INFORMATION_FORMAT = dwarf;
				ENABLE_STRICT_OBJC_MSGSEND = YES;
				ENABLE_TESTABILITY = YES;
				GCC_C_LANGUAGE_STANDARD = gnu11;
				GCC_DYNAMIC_NO_PIC = NO;
				GCC_NO_COMMON_BLOCKS = YES;
				GCC_OPTIMIZATION_LEVEL = 0;
				GCC_PREPROCESSOR_DEFINITIONS = (
					"DEBUG=1",
					"$(inherited)",
				);
				GCC_WARN_64_TO_32_BIT_CONVERSION = YES;
				GCC_WARN_ABOUT_RETURN_TYPE = YES_ERROR;
				GCC_WARN_UNDECLARED_SELECTOR = YES;
				GCC_WARN_UNINITIALIZED_AUTOS = YES_AGGRESSIVE;
				GCC_WARN_UNUSED_FUNCTION = YES;
				GCC_WARN_UNUSED_VARIABLE = YES;
				IPHONEOS_DEPLOYMENT_TARGET = 14.2;
				MTL_ENABLE_DEBUG_INFO = INCLUDE_SOURCE;
				MTL_FAST_MATH = YES;
				ONLY_ACTIVE_ARCH = YES;
				SDKROOT = iphoneos;
				SWIFT_ACTIVE_COMPILATION_CONDITIONS = DEBUG;
				SWIFT_OPTIMIZATION_LEVEL = "-Onone";
			};
			name = Debug;
		};
		2C66253D25CDA9ED001CB899 /* Release */ = {
			isa = XCBuildConfiguration;
			buildSettings = {
				ALWAYS_SEARCH_USER_PATHS = NO;
				CLANG_ANALYZER_NONNULL = YES;
				CLANG_ANALYZER_NUMBER_OBJECT_CONVERSION = YES_AGGRESSIVE;
				CLANG_CXX_LANGUAGE_STANDARD = "gnu++14";
				CLANG_CXX_LIBRARY = "libc++";
				CLANG_ENABLE_MODULES = YES;
				CLANG_ENABLE_OBJC_ARC = YES;
				CLANG_ENABLE_OBJC_WEAK = YES;
				CLANG_WARN_BLOCK_CAPTURE_AUTORELEASING = YES;
				CLANG_WARN_BOOL_CONVERSION = YES;
				CLANG_WARN_COMMA = YES;
				CLANG_WARN_CONSTANT_CONVERSION = YES;
				CLANG_WARN_DEPRECATED_OBJC_IMPLEMENTATIONS = YES;
				CLANG_WARN_DIRECT_OBJC_ISA_USAGE = YES_ERROR;
				CLANG_WARN_DOCUMENTATION_COMMENTS = YES;
				CLANG_WARN_EMPTY_BODY = YES;
				CLANG_WARN_ENUM_CONVERSION = YES;
				CLANG_WARN_INFINITE_RECURSION = YES;
				CLANG_WARN_INT_CONVERSION = YES;
				CLANG_WARN_NON_LITERAL_NULL_CONVERSION = YES;
				CLANG_WARN_OBJC_IMPLICIT_RETAIN_SELF = YES;
				CLANG_WARN_OBJC_LITERAL_CONVERSION = YES;
				CLANG_WARN_OBJC_ROOT_CLASS = YES_ERROR;
				CLANG_WARN_QUOTED_INCLUDE_IN_FRAMEWORK_HEADER = YES;
				CLANG_WARN_RANGE_LOOP_ANALYSIS = YES;
				CLANG_WARN_STRICT_PROTOTYPES = YES;
				CLANG_WARN_SUSPICIOUS_MOVE = YES;
				CLANG_WARN_UNGUARDED_AVAILABILITY = YES_AGGRESSIVE;
				CLANG_WARN_UNREACHABLE_CODE = YES;
				CLANG_WARN__DUPLICATE_METHOD_MATCH = YES;
				COPY_PHASE_STRIP = NO;
				DEBUG_INFORMATION_FORMAT = "dwarf-with-dsym";
				ENABLE_NS_ASSERTIONS = NO;
				ENABLE_STRICT_OBJC_MSGSEND = YES;
				GCC_C_LANGUAGE_STANDARD = gnu11;
				GCC_NO_COMMON_BLOCKS = YES;
				GCC_WARN_64_TO_32_BIT_CONVERSION = YES;
				GCC_WARN_ABOUT_RETURN_TYPE = YES_ERROR;
				GCC_WARN_UNDECLARED_SELECTOR = YES;
				GCC_WARN_UNINITIALIZED_AUTOS = YES_AGGRESSIVE;
				GCC_WARN_UNUSED_FUNCTION = YES;
				GCC_WARN_UNUSED_VARIABLE = YES;
				IPHONEOS_DEPLOYMENT_TARGET = 14.2;
				MTL_ENABLE_DEBUG_INFO = NO;
				MTL_FAST_MATH = YES;
				SDKROOT = iphoneos;
				SWIFT_COMPILATION_MODE = wholemodule;
				SWIFT_OPTIMIZATION_LEVEL = "-O";
				VALIDATE_PRODUCT = YES;
			};
			name = Release;
		};
		2C66253F25CDA9ED001CB899 /* Debug */ = {
			isa = XCBuildConfiguration;
			buildSettings = {
				ASSETCATALOG_COMPILER_APPICON_NAME = AppIcon;
				ASSETCATALOG_COMPILER_GLOBAL_ACCENT_COLOR_NAME = AccentColor;
				CODE_SIGN_STYLE = Automatic;
				DEVELOPMENT_TEAM = 6GTJ637UNQ;
				INFOPLIST_FILE = BanGipsMusic/Info.plist;
				LD_RUNPATH_SEARCH_PATHS = (
					"$(inherited)",
					"@executable_path/Frameworks",
				);
				PRODUCT_BUNDLE_IDENTIFIER = BanGips.BanGipsMusic;
				PRODUCT_NAME = "$(TARGET_NAME)";
				SWIFT_VERSION = 5.0;
				TARGETED_DEVICE_FAMILY = "1,2";
			};
			name = Debug;
		};
		2C66254025CDA9ED001CB899 /* Release */ = {
			isa = XCBuildConfiguration;
			buildSettings = {
				ASSETCATALOG_COMPILER_APPICON_NAME = AppIcon;
				ASSETCATALOG_COMPILER_GLOBAL_ACCENT_COLOR_NAME = AccentColor;
				CODE_SIGN_STYLE = Automatic;
				DEVELOPMENT_TEAM = 6GTJ637UNQ;
				INFOPLIST_FILE = BanGipsMusic/Info.plist;
				LD_RUNPATH_SEARCH_PATHS = (
					"$(inherited)",
					"@executable_path/Frameworks",
				);
				PRODUCT_BUNDLE_IDENTIFIER = BanGips.BanGipsMusic;
				PRODUCT_NAME = "$(TARGET_NAME)";
				SWIFT_VERSION = 5.0;
				TARGETED_DEVICE_FAMILY = "1,2";
			};
			name = Release;
		};
/* End XCBuildConfiguration section */

/* Begin XCConfigurationList section */
		2C66252525CDA9EC001CB899 /* Build configuration list for PBXProject "BanGipsMusic" */ = {
			isa = XCConfigurationList;
			buildConfigurations = (
				2C66253C25CDA9ED001CB899 /* Debug */,
				2C66253D25CDA9ED001CB899 /* Release */,
			);
			defaultConfigurationIsVisible = 0;
			defaultConfigurationName = Release;
		};
		2C66253E25CDA9ED001CB899 /* Build configuration list for PBXNativeTarget "BanGipsMusic" */ = {
			isa = XCConfigurationList;
			buildConfigurations = (
				2C66253F25CDA9ED001CB899 /* Debug */,
				2C66254025CDA9ED001CB899 /* Release */,
			);
			defaultConfigurationIsVisible = 0;
			defaultConfigurationName = Release;
		};
/* End XCConfigurationList section */

/* Begin XCRemoteSwiftPackageReference section */
		2C91428F25D05256008829B0 /* XCRemoteSwiftPackageReference "Alamofire" */ = {
			isa = XCRemoteSwiftPackageReference;
			repositoryURL = "https://github.com/Alamofire/Alamofire.git";
			requirement = {
				kind = upToNextMajorVersion;
				minimumVersion = 5.4.1;
			};
		};
		2C9142CD25D17EB1008829B0 /* XCRemoteSwiftPackageReference "Kingfisher" */ = {
			isa = XCRemoteSwiftPackageReference;
			repositoryURL = "https://github.com/onevcat/Kingfisher.git";
			requirement = {
				kind = upToNextMajorVersion;
				minimumVersion = 6.1.0;
			};
		};
/* End XCRemoteSwiftPackageReference section */

/* Begin XCSwiftPackageProductDependency section */
		2C91429025D05256008829B0 /* Alamofire */ = {
			isa = XCSwiftPackageProductDependency;
			package = 2C91428F25D05256008829B0 /* XCRemoteSwiftPackageReference "Alamofire" */;
			productName = Alamofire;
		};
		2C9142CE25D17EB1008829B0 /* Kingfisher */ = {
			isa = XCSwiftPackageProductDependency;
			package = 2C9142CD25D17EB1008829B0 /* XCRemoteSwiftPackageReference "Kingfisher" */;
			productName = Kingfisher;
		};
/* End XCSwiftPackageProductDependency section */
	};
	rootObject = 2C66252225CDA9EC001CB899 /* Project object */;
}
