// !$*UTF8*$!
{
	archiveVersion = 1;
	classes = {
	};
	objectVersion = 50;
	objects = {

/* Begin PBXBuildFile section */
		2C66252E25CDA9EC001CB899 /* AppDelegate.swift in Sources */ = {isa = PBXBuildFile; fileRef = 2C66252D25CDA9EC001CB899 /* AppDelegate.swift */; };
		2C66253025CDA9EC001CB899 /* SceneDelegate.swift in Sources */ = {isa = PBXBuildFile; fileRef = 2C66252F25CDA9EC001CB899 /* SceneDelegate.swift */; };
		2C66253225CDA9EC001CB899 /* ViewController.swift in Sources */ = {isa = PBXBuildFile; fileRef = 2C66253125CDA9EC001CB899 /* ViewController.swift */; };
		2C66253525CDA9EC001CB899 /* Main.storyboard in Resources */ = {isa = PBXBuildFile; fileRef = 2C66253325CDA9EC001CB899 /* Main.storyboard */; };
		2C66253725CDA9ED001CB899 /* Assets.xcassets in Resources */ = {isa = PBXBuildFile; fileRef = 2C66253625CDA9ED001CB899 /* Assets.xcassets */; };
		2C66253A25CDA9ED001CB899 /* LaunchScreen.storyboard in Resources */ = {isa = PBXBuildFile; fileRef = 2C66253825CDA9ED001CB899 /* LaunchScreen.storyboard */; };
		2C8B067325CDAD490054B83F /* MainTabBarController.swift in Sources */ = {isa = PBXBuildFile; fileRef = 2C8B067225CDAD490054B83F /* MainTabBarController.swift */; };
		2C8B067725CDAF790054B83F /* SearchViewController.swift in Sources */ = {isa = PBXBuildFile; fileRef = 2C8B067625CDAF790054B83F /* SearchViewController.swift */; };
/* End PBXBuildFile section */

/* Begin PBXFileReference section */
		2C66252A25CDA9EC001CB899 /* BanGipsMusic.app */ = {isa = PBXFileReference; explicitFileType = wrapper.application; includeInIndex = 0; path = BanGipsMusic.app; sourceTree = BUILT_PRODUCTS_DIR; };
		2C66252D25CDA9EC001CB899 /* AppDelegate.swift */ = {isa = PBXFileReference; lastKnownFileType = sourcecode.swift; path = AppDelegate.swift; sourceTree = "<group>"; };
		2C66252F25CDA9EC001CB899 /* SceneDelegate.swift */ = {isa = PBXFileReference; lastKnownFileType = sourcecode.swift; path = SceneDelegate.swift; sourceTree = "<group>"; };
		2C66253125CDA9EC001CB899 /* ViewController.swift */ = {isa = PBXFileReference; lastKnownFileType = sourcecode.swift; path = ViewController.swift; sourceTree = "<group>"; };
		2C66253425CDA9EC001CB899 /* Base */ = {isa = PBXFileReference; lastKnownFileType = file.storyboard; name = Base; path = Base.lproj/Main.storyboard; sourceTree = "<group>"; };
		2C66253625CDA9ED001CB899 /* Assets.xcassets */ = {isa = PBXFileReference; lastKnownFileType = folder.assetcatalog; path = Assets.xcassets; sourceTree = "<group>"; };
		2C66253925CDA9ED001CB899 /* Base */ = {isa = PBXFileReference; lastKnownFileType = file.storyboard; name = Base; path = Base.lproj/LaunchScreen.storyboard; sourceTree = "<group>"; };
		2C66253B25CDA9ED001CB899 /* Info.plist */ = {isa = PBXFileReference; lastKnownFileType = text.plist.xml; path = Info.plist; sourceTree = "<group>"; };
		2C8B067225CDAD490054B83F /* MainTabBarController.swift */ = {isa = PBXFileReference; lastKnownFileType = sourcecode.swift; path = MainTabBarController.swift; sourceTree = "<group>"; };
		2C8B067625CDAF790054B83F /* SearchViewController.swift */ = {isa = PBXFileReference; lastKnownFileType = sourcecode.swift; path = SearchViewController.swift; sourceTree = "<group>"; };
/* End PBXFileReference section */

/* Begin PBXFrameworksBuildPhase section */
		2C66252725CDA9EC001CB899 /* Frameworks */ = {
			isa = PBXFrameworksBuildPhase;
			buildActionMask = 2147483647;
			files = (
			);
			runOnlyForDeploymentPostprocessing = 0;
		};
/* End PBXFrameworksBuildPhase section */

/* Begin PBXGroup section */
		2C66252125CDA9EC001CB899 = {
			isa = PBXGroup;
			children = (
				2C66252C25CDA9EC001CB899 /* BanGipsMusic */,
				2C66252B25CDA9EC001CB899 /* Products */,
			);
			sourceTree = "<group>";
		};
		2C66252B25CDA9EC001CB899 /* Products */ = {
			isa = PBXGroup;
			children = (
				2C66252A25CDA9EC001CB899 /* BanGipsMusic.app */,
			);
			name = Products;
			sourceTree = "<group>";
		};
		2C66252C25CDA9EC001CB899 /* BanGipsMusic */ = {
			isa = PBXGroup;
			children = (
				2C66252D25CDA9EC001CB899 /* AppDelegate.swift */,
				2C66252F25CDA9EC001CB899 /* SceneDelegate.swift */,
				2C66253125CDA9EC001CB899 /* ViewController.swift */,
				2C8B067225CDAD490054B83F /* MainTabBarController.swift */,
				2C8B067625CDAF790054B83F /* SearchViewController.swift */,
				2C66253325CDA9EC001CB899 /* Main.storyboard */,
				2C66253625CDA9ED001CB899 /* Assets.xcassets */,
				2C66253825CDA9ED001CB899 /* LaunchScreen.storyboard */,
				2C66253B25CDA9ED001CB899 /* Info.plist */,
			);
			path = BanGipsMusic;
			sourceTree = "<group>";
		};
/* End PBXGroup section */

/* Begin PBXNativeTarget section */
		2C66252925CDA9EC001CB899 /* BanGipsMusic */ = {
			isa = PBXNativeTarget;
			buildConfigurationList = 2C66253E25CDA9ED001CB899 /* Build configuration list for PBXNativeTarget "BanGipsMusic" */;
			buildPhases = (
				2C66252625CDA9EC001CB899 /* Sources */,
				2C66252725CDA9EC001CB899 /* Frameworks */,
				2C66252825CDA9EC001CB899 /* Resources */,
			);
			buildRules = (
			);
			dependencies = (
			);
			name = BanGipsMusic;
			productName = BanGipsMusic;
			productReference = 2C66252A25CDA9EC001CB899 /* BanGipsMusic.app */;
			productType = "com.apple.product-type.application";
		};
/* End PBXNativeTarget section */

/* Begin PBXProject section */
		2C66252225CDA9EC001CB899 /* Project object */ = {
			isa = PBXProject;
			attributes = {
				LastSwiftUpdateCheck = 1220;
				LastUpgradeCheck = 1220;
				TargetAttributes = {
					2C66252925CDA9EC001CB899 = {
						CreatedOnToolsVersion = 12.2;
					};
				};
			};
			buildConfigurationList = 2C66252525CDA9EC001CB899 /* Build configuration list for PBXProject "BanGipsMusic" */;
			compatibilityVersion = "Xcode 9.3";
			developmentRegion = en;
			hasScannedForEncodings = 0;
			knownRegions = (
				en,
				Base,
			);
			mainGroup = 2C66252125CDA9EC001CB899;
			productRefGroup = 2C66252B25CDA9EC001CB899 /* Products */;
			projectDirPath = "";
			projectRoot = "";
			targets = (
				2C66252925CDA9EC001CB899 /* BanGipsMusic */,
			);
		};
/* End PBXProject section */

/* Begin PBXResourcesBuildPhase section */
		2C66252825CDA9EC001CB899 /* Resources */ = {
			isa = PBXResourcesBuildPhase;
			buildActionMask = 2147483647;
			files = (
				2C66253A25CDA9ED001CB899 /* LaunchScreen.storyboard in Resources */,
				2C66253725CDA9ED001CB899 /* Assets.xcassets in Resources */,
				2C66253525CDA9EC001CB899 /* Main.storyboard in Resources */,
			);
			runOnlyForDeploymentPostprocessing = 0;
		};
/* End PBXResourcesBuildPhase section */

/* Begin PBXSourcesBuildPhase section */
		2C66252625CDA9EC001CB899 /* Sources */ = {
			isa = PBXSourcesBuildPhase;
			buildActionMask = 2147483647;
			files = (
				2C8B067725CDAF790054B83F /* SearchViewController.swift in Sources */,
				2C66253225CDA9EC001CB899 /* ViewController.swift in Sources */,
				2C66252E25CDA9EC001CB899 /* AppDelegate.swift in Sources */,
				2C8B067325CDAD490054B83F /* MainTabBarController.swift in Sources */,
				2C66253025CDA9EC001CB899 /* SceneDelegate.swift in Sources */,
			);
			runOnlyForDeploymentPostprocessing = 0;
		};
/* End PBXSourcesBuildPhase section */

/* Begin PBXVariantGroup section */
		2C66253325CDA9EC001CB899 /* Main.storyboard */ = {
			isa = PBXVariantGroup;
			children = (
				2C66253425CDA9EC001CB899 /* Base */,
			);
			name = Main.storyboard;
			sourceTree = "<group>";
		};
		2C66253825CDA9ED001CB899 /* LaunchScreen.storyboard */ = {
			isa = PBXVariantGroup;
			children = (
				2C66253925CDA9ED001CB899 /* Base */,
			);
			name = LaunchScreen.storyboard;
			sourceTree = "<group>";
		};
/* End PBXVariantGroup section */

/* Begin XCBuildConfiguration section */
		2C66253C25CDA9ED001CB899 /* Debug */ = {
			isa = XCBuildConfiguration;
			buildSettings = {
				ALWAYS_SEARCH_USER_PATHS = NO;
				CLANG_ANALYZER_NONNULL = YES;
				CLANG_ANALYZER_NUMBER_OBJECT_CONVERSION = YES_AGGRESSIVE;
				CLANG_CXX_LANGUAGE_STANDARD = "gnu++14";
				CLANG_CXX_LIBRARY = "libc++";
				CLANG_ENABLE_MODULES = YES;
				CLANG_ENABLE_OBJC_ARC = YES;
				CLANG_ENABLE_OBJC_WEAK = YES;
				CLANG_WARN_BLOCK_CAPTURE_AUTORELEASING = YES;
				CLANG_WARN_BOOL_CONVERSION = YES;
				CLANG_WARN_COMMA = YES;
				CLANG_WARN_CONSTANT_CONVERSION = YES;
				CLANG_WARN_DEPRECATED_OBJC_IMPLEMENTATIONS = YES;
				CLANG_WARN_DIRECT_OBJC_ISA_USAGE = YES_ERROR;
				CLANG_WARN_DOCUMENTATION_COMMENTS = YES;
				CLANG_WARN_EMPTY_BODY = YES;
				CLANG_WARN_ENUM_CONVERSION = YES;
				CLANG_WARN_INFINITE_RECURSION = YES;
				CLANG_WARN_INT_CONVERSION = YES;
				CLANG_WARN_NON_LITERAL_NULL_CONVERSION = YES;
				CLANG_WARN_OBJC_IMPLICIT_RETAIN_SELF = YES;
				CLANG_WARN_OBJC_LITERAL_CONVERSION = YES;
				CLANG_WARN_OBJC_ROOT_CLASS = YES_ERROR;
				CLANG_WARN_QUOTED_INCLUDE_IN_FRAMEWORK_HEADER = YES;
				CLANG_WARN_RANGE_LOOP_ANALYSIS = YES;
				CLANG_WARN_STRICT_PROTOTYPES = YES;
				CLANG_WARN_SUSPICIOUS_MOVE = YES;
				CLANG_WARN_UNGUARDED_AVAILABILITY = YES_AGGRESSIVE;
				CLANG_WARN_UNREACHABLE_CODE = YES;
				CLANG_WARN__DUPLICATE_METHOD_MATCH = YES;
				COPY_PHASE_STRIP = NO;
				DEBUG_INFORMATION_FORMAT = dwarf;
				ENABLE_STRICT_OBJC_MSGSEND = YES;
				ENABLE_TESTABILITY = YES;
				GCC_C_LANGUAGE_STANDARD = gnu11;
				GCC_DYNAMIC_NO_PIC = NO;
				GCC_NO_COMMON_BLOCKS = YES;
				GCC_OPTIMIZATION_LEVEL = 0;
				GCC_PREPROCESSOR_DEFINITIONS = (
					"DEBUG=1",
					"$(inherited)",
				);
				GCC_WARN_64_TO_32_BIT_CONVERSION = YES;
				GCC_WARN_ABOUT_RETURN_TYPE = YES_ERROR;
				GCC_WARN_UNDECLARED_SELECTOR = YES;
				GCC_WARN_UNINITIALIZED_AUTOS = YES_AGGRESSIVE;
				GCC_WARN_UNUSED_FUNCTION = YES;
				GCC_WARN_UNUSED_VARIABLE = YES;
				IPHONEOS_DEPLOYMENT_TARGET = 14.2;
				MTL_ENABLE_DEBUG_INFO = INCLUDE_SOURCE;
				MTL_FAST_MATH = YES;
				ONLY_ACTIVE_ARCH = YES;
				SDKROOT = iphoneos;
				SWIFT_ACTIVE_COMPILATION_CONDITIONS = DEBUG;
				SWIFT_OPTIMIZATION_LEVEL = "-Onone";
			};
			name = Debug;
		};
		2C66253D25CDA9ED001CB899 /* Release */ = {
			isa = XCBuildConfiguration;
			buildSettings = {
				ALWAYS_SEARCH_USER_PATHS = NO;
				CLANG_ANALYZER_NONNULL = YES;
				CLANG_ANALYZER_NUMBER_OBJECT_CONVERSION = YES_AGGRESSIVE;
				CLANG_CXX_LANGUAGE_STANDARD = "gnu++14";
				CLANG_CXX_LIBRARY = "libc++";
				CLANG_ENABLE_MODULES = YES;
				CLANG_ENABLE_OBJC_ARC = YES;
				CLANG_ENABLE_OBJC_WEAK = YES;
				CLANG_WARN_BLOCK_CAPTURE_AUTORELEASING = YES;
				CLANG_WARN_BOOL_CONVERSION = YES;
				CLANG_WARN_COMMA = YES;
				CLANG_WARN_CONSTANT_CONVERSION = YES;
				CLANG_WARN_DEPRECATED_OBJC_IMPLEMENTATIONS = YES;
				CLANG_WARN_DIRECT_OBJC_ISA_USAGE = YES_ERROR;
				CLANG_WARN_DOCUMENTATION_COMMENTS = YES;
				CLANG_WARN_EMPTY_BODY = YES;
				CLANG_WARN_ENUM_CONVERSION = YES;
				CLANG_WARN_INFINITE_RECURSION = YES;
				CLANG_WARN_INT_CONVERSION = YES;
				CLANG_WARN_NON_LITERAL_NULL_CONVERSION = YES;
				CLANG_WARN_OBJC_IMPLICIT_RETAIN_SELF = YES;
				CLANG_WARN_OBJC_LITERAL_CONVERSION = YES;
				CLANG_WARN_OBJC_ROOT_CLASS = YES_ERROR;
				CLANG_WARN_QUOTED_INCLUDE_IN_FRAMEWORK_HEADER = YES;
				CLANG_WARN_RANGE_LOOP_ANALYSIS = YES;
				CLANG_WARN_STRICT_PROTOTYPES = YES;
				CLANG_WARN_SUSPICIOUS_MOVE = YES;
				CLANG_WARN_UNGUARDED_AVAILABILITY = YES_AGGRESSIVE;
				CLANG_WARN_UNREACHABLE_CODE = YES;
				CLANG_WARN__DUPLICATE_METHOD_MATCH = YES;
				COPY_PHASE_STRIP = NO;
				DEBUG_INFORMATION_FORMAT = "dwarf-with-dsym";
				ENABLE_NS_ASSERTIONS = NO;
				ENABLE_STRICT_OBJC_MSGSEND = YES;
				GCC_C_LANGUAGE_STANDARD = gnu11;
				GCC_NO_COMMON_BLOCKS = YES;
				GCC_WARN_64_TO_32_BIT_CONVERSION = YES;
				GCC_WARN_ABOUT_RETURN_TYPE = YES_ERROR;
				GCC_WARN_UNDECLARED_SELECTOR = YES;
				GCC_WARN_UNINITIALIZED_AUTOS = YES_AGGRESSIVE;
				GCC_WARN_UNUSED_FUNCTION = YES;
				GCC_WARN_UNUSED_VARIABLE = YES;
				IPHONEOS_DEPLOYMENT_TARGET = 14.2;
				MTL_ENABLE_DEBUG_INFO = NO;
				MTL_FAST_MATH = YES;
				SDKROOT = iphoneos;
				SWIFT_COMPILATION_MODE = wholemodule;
				SWIFT_OPTIMIZATION_LEVEL = "-O";
				VALIDATE_PRODUCT = YES;
			};
			name = Release;
		};
		2C66253F25CDA9ED001CB899 /* Debug */ = {
			isa = XCBuildConfiguration;
			buildSettings = {
				ASSETCATALOG_COMPILER_APPICON_NAME = AppIcon;
				ASSETCATALOG_COMPILER_GLOBAL_ACCENT_COLOR_NAME = AccentColor;
				CODE_SIGN_STYLE = Automatic;
				DEVELOPMENT_TEAM = 6GTJ637UNQ;
				INFOPLIST_FILE = BanGipsMusic/Info.plist;
				LD_RUNPATH_SEARCH_PATHS = (
					"$(inherited)",
					"@executable_path/Frameworks",
				);
				PRODUCT_BUNDLE_IDENTIFIER = BanGips.BanGipsMusic;
				PRODUCT_NAME = "$(TARGET_NAME)";
				SWIFT_VERSION = 5.0;
				TARGETED_DEVICE_FAMILY = "1,2";
			};
			name = Debug;
		};
		2C66254025CDA9ED001CB899 /* Release */ = {
			isa = XCBuildConfiguration;
			buildSettings = {
				ASSETCATALOG_COMPILER_APPICON_NAME = AppIcon;
				ASSETCATALOG_COMPILER_GLOBAL_ACCENT_COLOR_NAME = AccentColor;
				CODE_SIGN_STYLE = Automatic;
				DEVELOPMENT_TEAM = 6GTJ637UNQ;
				INFOPLIST_FILE = BanGipsMusic/Info.plist;
				LD_RUNPATH_SEARCH_PATHS = (
					"$(inherited)",
					"@executable_path/Frameworks",
				);
				PRODUCT_BUNDLE_IDENTIFIER = BanGips.BanGipsMusic;
				PRODUCT_NAME = "$(TARGET_NAME)";
				SWIFT_VERSION = 5.0;
				TARGETED_DEVICE_FAMILY = "1,2";
			};
			name = Release;
		};
/* End XCBuildConfiguration section */

/* Begin XCConfigurationList section */
		2C66252525CDA9EC001CB899 /* Build configuration list for PBXProject "BanGipsMusic" */ = {
			isa = XCConfigurationList;
			buildConfigurations = (
				2C66253C25CDA9ED001CB899 /* Debug */,
				2C66253D25CDA9ED001CB899 /* Release */,
			);
			defaultConfigurationIsVisible = 0;
			defaultConfigurationName = Release;
		};
		2C66253E25CDA9ED001CB899 /* Build configuration list for PBXNativeTarget "BanGipsMusic" */ = {
			isa = XCConfigurationList;
			buildConfigurations = (
				2C66253F25CDA9ED001CB899 /* Debug */,
				2C66254025CDA9ED001CB899 /* Release */,
			);
			defaultConfigurationIsVisible = 0;
			defaultConfigurationName = Release;
		};
/* End XCConfigurationList section */
	};
	rootObject = 2C66252225CDA9EC001CB899 /* Project object */;
}
